// !$*UTF8*$!
{
	archiveVersion = 1;
	classes = {
	};
	objectVersion = 46;
	objects = {

/* Begin PBXBuildFile section */
		389A345E18D5FCA6001E657B /* Foundation.framework in Frameworks */ = {isa = PBXBuildFile; fileRef = 389A345D18D5FCA6001E657B /* Foundation.framework */; };
		389A346018D5FCA6001E657B /* CoreGraphics.framework in Frameworks */ = {isa = PBXBuildFile; fileRef = 389A345F18D5FCA6001E657B /* CoreGraphics.framework */; };
		389A346218D5FCA6001E657B /* UIKit.framework in Frameworks */ = {isa = PBXBuildFile; fileRef = 389A346118D5FCA6001E657B /* UIKit.framework */; };
		389A346818D5FCA6001E657B /* InfoPlist.strings in Resources */ = {isa = PBXBuildFile; fileRef = 389A346618D5FCA6001E657B /* InfoPlist.strings */; };
		389A346A18D5FCA6001E657B /* main.m in Sources */ = {isa = PBXBuildFile; fileRef = 389A346918D5FCA6001E657B /* main.m */; };
		389A346E18D5FCA6001E657B /* AppDelegate.m in Sources */ = {isa = PBXBuildFile; fileRef = 389A346D18D5FCA6001E657B /* AppDelegate.m */; };
		389A347118D5FCA6001E657B /* Main.storyboard in Resources */ = {isa = PBXBuildFile; fileRef = 389A346F18D5FCA6001E657B /* Main.storyboard */; };
		389A347418D5FCA6001E657B /* ViewController.m in Sources */ = {isa = PBXBuildFile; fileRef = 389A347318D5FCA6001E657B /* ViewController.m */; };
		389A347618D5FCA6001E657B /* Images.xcassets in Resources */ = {isa = PBXBuildFile; fileRef = 389A347518D5FCA6001E657B /* Images.xcassets */; };
		389A347D18D5FCA6001E657B /* XCTest.framework in Frameworks */ = {isa = PBXBuildFile; fileRef = 389A347C18D5FCA6001E657B /* XCTest.framework */; };
		389A347E18D5FCA6001E657B /* Foundation.framework in Frameworks */ = {isa = PBXBuildFile; fileRef = 389A345D18D5FCA6001E657B /* Foundation.framework */; };
		389A347F18D5FCA6001E657B /* UIKit.framework in Frameworks */ = {isa = PBXBuildFile; fileRef = 389A346118D5FCA6001E657B /* UIKit.framework */; };
		389A348718D5FCA6001E657B /* InfoPlist.strings in Resources */ = {isa = PBXBuildFile; fileRef = 389A348518D5FCA6001E657B /* InfoPlist.strings */; };
		389A348918D5FCA6001E657B /* AOC2project3Tests.m in Sources */ = {isa = PBXBuildFile; fileRef = 389A348818D5FCA6001E657B /* AOC2project3Tests.m */; };
		389A349718D64A9A001E657B /* SecondViewController.m in Sources */ = {isa = PBXBuildFile; fileRef = 389A349618D64A9A001E657B /* SecondViewController.m */; };
/* End PBXBuildFile section */

/* Begin PBXContainerItemProxy section */
		389A348018D5FCA6001E657B /* PBXContainerItemProxy */ = {
			isa = PBXContainerItemProxy;
			containerPortal = 389A345218D5FCA6001E657B /* Project object */;
			proxyType = 1;
			remoteGlobalIDString = 389A345918D5FCA6001E657B;
			remoteInfo = AOC2project3;
		};
/* End PBXContainerItemProxy section */

/* Begin PBXFileReference section */
		389A345A18D5FCA6001E657B /* AOC2project3.app */ = {isa = PBXFileReference; explicitFileType = wrapper.application; includeInIndex = 0; path = AOC2project3.app; sourceTree = BUILT_PRODUCTS_DIR; };
		389A345D18D5FCA6001E657B /* Foundation.framework */ = {isa = PBXFileReference; lastKnownFileType = wrapper.framework; name = Foundation.framework; path = System/Library/Frameworks/Foundation.framework; sourceTree = SDKROOT; };
		389A345F18D5FCA6001E657B /* CoreGraphics.framework */ = {isa = PBXFileReference; lastKnownFileType = wrapper.framework; name = CoreGraphics.framework; path = System/Library/Frameworks/CoreGraphics.framework; sourceTree = SDKROOT; };
		389A346118D5FCA6001E657B /* UIKit.framework */ = {isa = PBXFileReference; lastKnownFileType = wrapper.framework; name = UIKit.framework; path = System/Library/Frameworks/UIKit.framework; sourceTree = SDKROOT; };
		389A346518D5FCA6001E657B /* AOC2project3-Info.plist */ = {isa = PBXFileReference; lastKnownFileType = text.plist.xml; path = "AOC2project3-Info.plist"; sourceTree = "<group>"; };
		389A346718D5FCA6001E657B /* en */ = {isa = PBXFileReference; lastKnownFileType = text.plist.strings; name = en; path = en.lproj/InfoPlist.strings; sourceTree = "<group>"; };
		389A346918D5FCA6001E657B /* main.m */ = {isa = PBXFileReference; lastKnownFileType = sourcecode.c.objc; path = main.m; sourceTree = "<group>"; };
		389A346B18D5FCA6001E657B /* AOC2project3-Prefix.pch */ = {isa = PBXFileReference; lastKnownFileType = sourcecode.c.h; path = "AOC2project3-Prefix.pch"; sourceTree = "<group>"; };
		389A346C18D5FCA6001E657B /* AppDelegate.h */ = {isa = PBXFileReference; lastKnownFileType = sourcecode.c.h; path = AppDelegate.h; sourceTree = "<group>"; };
		389A346D18D5FCA6001E657B /* AppDelegate.m */ = {isa = PBXFileReference; lastKnownFileType = sourcecode.c.objc; path = AppDelegate.m; sourceTree = "<group>"; };
		389A347018D5FCA6001E657B /* Base */ = {isa = PBXFileReference; lastKnownFileType = file.storyboard; name = Base; path = Base.lproj/Main.storyboard; sourceTree = "<group>"; };
		389A347218D5FCA6001E657B /* ViewController.h */ = {isa = PBXFileReference; lastKnownFileType = sourcecode.c.h; path = ViewController.h; sourceTree = "<group>"; };
		389A347318D5FCA6001E657B /* ViewController.m */ = {isa = PBXFileReference; lastKnownFileType = sourcecode.c.objc; path = ViewController.m; sourceTree = "<group>"; };
		389A347518D5FCA6001E657B /* Images.xcassets */ = {isa = PBXFileReference; lastKnownFileType = folder.assetcatalog; path = Images.xcassets; sourceTree = "<group>"; };
		389A347B18D5FCA6001E657B /* AOC2project3Tests.xctest */ = {isa = PBXFileReference; explicitFileType = wrapper.cfbundle; includeInIndex = 0; path = AOC2project3Tests.xctest; sourceTree = BUILT_PRODUCTS_DIR; };
		389A347C18D5FCA6001E657B /* XCTest.framework */ = {isa = PBXFileReference; lastKnownFileType = wrapper.framework; name = XCTest.framework; path = Library/Frameworks/XCTest.framework; sourceTree = DEVELOPER_DIR; };
		389A348418D5FCA6001E657B /* AOC2project3Tests-Info.plist */ = {isa = PBXFileReference; lastKnownFileType = text.plist.xml; path = "AOC2project3Tests-Info.plist"; sourceTree = "<group>"; };
		389A348618D5FCA6001E657B /* en */ = {isa = PBXFileReference; lastKnownFileType = text.plist.strings; name = en; path = en.lproj/InfoPlist.strings; sourceTree = "<group>"; };
		389A348818D5FCA6001E657B /* AOC2project3Tests.m */ = {isa = PBXFileReference; lastKnownFileType = sourcecode.c.objc; path = AOC2project3Tests.m; sourceTree = "<group>"; };
		389A349518D64A9A001E657B /* SecondViewController.h */ = {isa = PBXFileReference; fileEncoding = 4; lastKnownFileType = sourcecode.c.h; path = SecondViewController.h; sourceTree = "<group>"; };
		389A349618D64A9A001E657B /* SecondViewController.m */ = {isa = PBXFileReference; fileEncoding = 4; lastKnownFileType = sourcecode.c.objc; path = SecondViewController.m; sourceTree = "<group>"; };
/* End PBXFileReference section */

/* Begin PBXFrameworksBuildPhase section */
		389A345718D5FCA6001E657B /* Frameworks */ = {
			isa = PBXFrameworksBuildPhase;
			buildActionMask = 2147483647;
			files = (
				389A346018D5FCA6001E657B /* CoreGraphics.framework in Frameworks */,
				389A346218D5FCA6001E657B /* UIKit.framework in Frameworks */,
				389A345E18D5FCA6001E657B /* Foundation.framework in Frameworks */,
			);
			runOnlyForDeploymentPostprocessing = 0;
		};
		389A347818D5FCA6001E657B /* Frameworks */ = {
			isa = PBXFrameworksBuildPhase;
			buildActionMask = 2147483647;
			files = (
				389A347D18D5FCA6001E657B /* XCTest.framework in Frameworks */,
				389A347F18D5FCA6001E657B /* UIKit.framework in Frameworks */,
				389A347E18D5FCA6001E657B /* Foundation.framework in Frameworks */,
			);
			runOnlyForDeploymentPostprocessing = 0;
		};
/* End PBXFrameworksBuildPhase section */

/* Begin PBXGroup section */
		389A345118D5FCA6001E657B = {
			isa = PBXGroup;
			children = (
				389A346318D5FCA6001E657B /* AOC2project3 */,
				389A348218D5FCA6001E657B /* AOC2project3Tests */,
				389A345C18D5FCA6001E657B /* Frameworks */,
				389A345B18D5FCA6001E657B /* Products */,
			);
			sourceTree = "<group>";
		};
		389A345B18D5FCA6001E657B /* Products */ = {
			isa = PBXGroup;
			children = (
				389A345A18D5FCA6001E657B /* AOC2project3.app */,
				389A347B18D5FCA6001E657B /* AOC2project3Tests.xctest */,
			);
			name = Products;
			sourceTree = "<group>";
		};
		389A345C18D5FCA6001E657B /* Frameworks */ = {
			isa = PBXGroup;
			children = (
				389A345D18D5FCA6001E657B /* Foundation.framework */,
				389A345F18D5FCA6001E657B /* CoreGraphics.framework */,
				389A346118D5FCA6001E657B /* UIKit.framework */,
				389A347C18D5FCA6001E657B /* XCTest.framework */,
			);
			name = Frameworks;
			sourceTree = "<group>";
		};
		389A346318D5FCA6001E657B /* AOC2project3 */ = {
			isa = PBXGroup;
			children = (
				389A346C18D5FCA6001E657B /* AppDelegate.h */,
				389A346D18D5FCA6001E657B /* AppDelegate.m */,
				389A346F18D5FCA6001E657B /* Main.storyboard */,
				389A347218D5FCA6001E657B /* ViewController.h */,
				389A347318D5FCA6001E657B /* ViewController.m */,
				389A347518D5FCA6001E657B /* Images.xcassets */,
				389A346418D5FCA6001E657B /* Supporting Files */,
				389A349518D64A9A001E657B /* SecondViewController.h */,
				389A349618D64A9A001E657B /* SecondViewController.m */,
			);
			path = AOC2project3;
			sourceTree = "<group>";
		};
		389A346418D5FCA6001E657B /* Supporting Files */ = {
			isa = PBXGroup;
			children = (
				389A346518D5FCA6001E657B /* AOC2project3-Info.plist */,
				389A346618D5FCA6001E657B /* InfoPlist.strings */,
				389A346918D5FCA6001E657B /* main.m */,
				389A346B18D5FCA6001E657B /* AOC2project3-Prefix.pch */,
			);
			name = "Supporting Files";
			sourceTree = "<group>";
		};
		389A348218D5FCA6001E657B /* AOC2project3Tests */ = {
			isa = PBXGroup;
			children = (
				389A348818D5FCA6001E657B /* AOC2project3Tests.m */,
				389A348318D5FCA6001E657B /* Supporting Files */,
			);
			path = AOC2project3Tests;
			sourceTree = "<group>";
		};
		389A348318D5FCA6001E657B /* Supporting Files */ = {
			isa = PBXGroup;
			children = (
				389A348418D5FCA6001E657B /* AOC2project3Tests-Info.plist */,
				389A348518D5FCA6001E657B /* InfoPlist.strings */,
			);
			name = "Supporting Files";
			sourceTree = "<group>";
		};
/* End PBXGroup section */

/* Begin PBXNativeTarget section */
		389A345918D5FCA6001E657B /* AOC2project3 */ = {
			isa = PBXNativeTarget;
			buildConfigurationList = 389A348C18D5FCA6001E657B /* Build configuration list for PBXNativeTarget "AOC2project3" */;
			buildPhases = (
				389A345618D5FCA6001E657B /* Sources */,
				389A345718D5FCA6001E657B /* Frameworks */,
				389A345818D5FCA6001E657B /* Resources */,
			);
			buildRules = (
			);
			dependencies = (
			);
			name = AOC2project3;
			productName = AOC2project3;
			productReference = 389A345A18D5FCA6001E657B /* AOC2project3.app */;
			productType = "com.apple.product-type.application";
		};
		389A347A18D5FCA6001E657B /* AOC2project3Tests */ = {
			isa = PBXNativeTarget;
			buildConfigurationList = 389A348F18D5FCA6001E657B /* Build configuration list for PBXNativeTarget "AOC2project3Tests" */;
			buildPhases = (
				389A347718D5FCA6001E657B /* Sources */,
				389A347818D5FCA6001E657B /* Frameworks */,
				389A347918D5FCA6001E657B /* Resources */,
			);
			buildRules = (
			);
			dependencies = (
				389A348118D5FCA6001E657B /* PBXTargetDependency */,
			);
			name = AOC2project3Tests;
			productName = AOC2project3Tests;
			productReference = 389A347B18D5FCA6001E657B /* AOC2project3Tests.xctest */;
			productType = "com.apple.product-type.bundle.unit-test";
		};
/* End PBXNativeTarget section */

/* Begin PBXProject section */
		389A345218D5FCA6001E657B /* Project object */ = {
			isa = PBXProject;
			attributes = {
				LastUpgradeCheck = 0510;
				ORGANIZATIONNAME = "Brian Stacks";
				TargetAttributes = {
					389A347A18D5FCA6001E657B = {
						TestTargetID = 389A345918D5FCA6001E657B;
					};
				};
			};
			buildConfigurationList = 389A345518D5FCA6001E657B /* Build configuration list for PBXProject "AOC2project3" */;
			compatibilityVersion = "Xcode 3.2";
			developmentRegion = English;
			hasScannedForEncodings = 0;
			knownRegions = (
				en,
				Base,
			);
			mainGroup = 389A345118D5FCA6001E657B;
			productRefGroup = 389A345B18D5FCA6001E657B /* Products */;
			projectDirPath = "";
			projectRoot = "";
			targets = (
				389A345918D5FCA6001E657B /* AOC2project3 */,
				389A347A18D5FCA6001E657B /* AOC2project3Tests */,
			);
		};
/* End PBXProject section */

/* Begin PBXResourcesBuildPhase section */
		389A345818D5FCA6001E657B /* Resources */ = {
			isa = PBXResourcesBuildPhase;
			buildActionMask = 2147483647;
			files = (
				389A347618D5FCA6001E657B /* Images.xcassets in Resources */,
				389A346818D5FCA6001E657B /* InfoPlist.strings in Resources */,
				389A347118D5FCA6001E657B /* Main.storyboard in Resources */,
			);
			runOnlyForDeploymentPostprocessing = 0;
		};
		389A347918D5FCA6001E657B /* Resources */ = {
			isa = PBXResourcesBuildPhase;
			buildActionMask = 2147483647;
			files = (
				389A348718D5FCA6001E657B /* InfoPlist.strings in Resources */,
			);
			runOnlyForDeploymentPostprocessing = 0;
		};
/* End PBXResourcesBuildPhase section */

/* Begin PBXSourcesBuildPhase section */
		389A345618D5FCA6001E657B /* Sources */ = {
			isa = PBXSourcesBuildPhase;
			buildActionMask = 2147483647;
			files = (
				389A349718D64A9A001E657B /* SecondViewController.m in Sources */,
				389A347418D5FCA6001E657B /* ViewController.m in Sources */,
				389A346E18D5FCA6001E657B /* AppDelegate.m in Sources */,
				389A346A18D5FCA6001E657B /* main.m in Sources */,
			);
			runOnlyForDeploymentPostprocessing = 0;
		};
		389A347718D5FCA6001E657B /* Sources */ = {
			isa = PBXSourcesBuildPhase;
			buildActionMask = 2147483647;
			files = (
				389A348918D5FCA6001E657B /* AOC2project3Tests.m in Sources */,
			);
			runOnlyForDeploymentPostprocessing = 0;
		};
/* End PBXSourcesBuildPhase section */

/* Begin PBXTargetDependency section */
		389A348118D5FCA6001E657B /* PBXTargetDependency */ = {
			isa = PBXTargetDependency;
			target = 389A345918D5FCA6001E657B /* AOC2project3 */;
			targetProxy = 389A348018D5FCA6001E657B /* PBXContainerItemProxy */;
		};
/* End PBXTargetDependency section */

/* Begin PBXVariantGroup section */
		389A346618D5FCA6001E657B /* InfoPlist.strings */ = {
			isa = PBXVariantGroup;
			children = (
				389A346718D5FCA6001E657B /* en */,
			);
			name = InfoPlist.strings;
			sourceTree = "<group>";
		};
		389A346F18D5FCA6001E657B /* Main.storyboard */ = {
			isa = PBXVariantGroup;
			children = (
				389A347018D5FCA6001E657B /* Base */,
			);
			name = Main.storyboard;
			sourceTree = "<group>";
		};
		389A348518D5FCA6001E657B /* InfoPlist.strings */ = {
			isa = PBXVariantGroup;
			children = (
				389A348618D5FCA6001E657B /* en */,
			);
			name = InfoPlist.strings;
			sourceTree = "<group>";
		};
/* End PBXVariantGroup section */

/* Begin XCBuildConfiguration section */
		389A348A18D5FCA6001E657B /* Debug */ = {
			isa = XCBuildConfiguration;
			buildSettings = {
				ALWAYS_SEARCH_USER_PATHS = NO;
				CLANG_CXX_LANGUAGE_STANDARD = "gnu++0x";
				CLANG_CXX_LIBRARY = "libc++";
				CLANG_ENABLE_MODULES = YES;
				CLANG_ENABLE_OBJC_ARC = YES;
				CLANG_WARN_BOOL_CONVERSION = YES;
				CLANG_WARN_CONSTANT_CONVERSION = YES;
				CLANG_WARN_DIRECT_OBJC_ISA_USAGE = YES_ERROR;
				CLANG_WARN_EMPTY_BODY = YES;
				CLANG_WARN_ENUM_CONVERSION = YES;
				CLANG_WARN_INT_CONVERSION = YES;
				CLANG_WARN_OBJC_ROOT_CLASS = YES_ERROR;
				CLANG_WARN__DUPLICATE_METHOD_MATCH = YES;
				"CODE_SIGN_IDENTITY[sdk=iphoneos*]" = "iPhone Developer";
				COPY_PHASE_STRIP = NO;
				GCC_C_LANGUAGE_STANDARD = gnu99;
				GCC_DYNAMIC_NO_PIC = NO;
				GCC_OPTIMIZATION_LEVEL = 0;
				GCC_PREPROCESSOR_DEFINITIONS = (
					"DEBUG=1",
					"$(inherited)",
				);
				GCC_SYMBOLS_PRIVATE_EXTERN = NO;
				GCC_WARN_64_TO_32_BIT_CONVERSION = YES;
				GCC_WARN_ABOUT_RETURN_TYPE = YES_ERROR;
				GCC_WARN_UNDECLARED_SELECTOR = YES;
				GCC_WARN_UNINITIALIZED_AUTOS = YES_AGGRESSIVE;
				GCC_WARN_UNUSED_FUNCTION = YES;
				GCC_WARN_UNUSED_VARIABLE = YES;
				IPHONEOS_DEPLOYMENT_TARGET = 7.1;
				ONLY_ACTIVE_ARCH = YES;
				SDKROOT = iphoneos;
			};
			name = Debug;
		};
		389A348B18D5FCA6001E657B /* Release */ = {
			isa = XCBuildConfiguration;
			buildSettings = {
				ALWAYS_SEARCH_USER_PATHS = NO;
				CLANG_CXX_LANGUAGE_STANDARD = "gnu++0x";
				CLANG_CXX_LIBRARY = "libc++";
				CLANG_ENABLE_MODULES = YES;
				CLANG_ENABLE_OBJC_ARC = YES;
				CLANG_WARN_BOOL_CONVERSION = YES;
				CLANG_WARN_CONSTANT_CONVERSION = YES;
				CLANG_WARN_DIRECT_OBJC_ISA_USAGE = YES_ERROR;
				CLANG_WARN_EMPTY_BODY = YES;
				CLANG_WARN_ENUM_CONVERSION = YES;
				CLANG_WARN_INT_CONVERSION = YES;
				CLANG_WARN_OBJC_ROOT_CLASS = YES_ERROR;
				CLANG_WARN__DUPLICATE_METHOD_MATCH = YES;
				"CODE_SIGN_IDENTITY[sdk=iphoneos*]" = "iPhone Developer";
				COPY_PHASE_STRIP = YES;
				ENABLE_NS_ASSERTIONS = NO;
				GCC_C_LANGUAGE_STANDARD = gnu99;
				GCC_WARN_64_TO_32_BIT_CONVERSION = YES;
				GCC_WARN_ABOUT_RETURN_TYPE = YES_ERROR;
				GCC_WARN_UNDECLARED_SELECTOR = YES;
				GCC_WARN_UNINITIALIZED_AUTOS = YES_AGGRESSIVE;
				GCC_WARN_UNUSED_FUNCTION = YES;
				GCC_WARN_UNUSED_VARIABLE = YES;
				IPHONEOS_DEPLOYMENT_TARGET = 7.1;
				SDKROOT = iphoneos;
				VALIDATE_PRODUCT = YES;
			};
			name = Release;
		};
		389A348D18D5FCA6001E657B /* Debug */ = {
			isa = XCBuildConfiguration;
			buildSettings = {
				ASSETCATALOG_COMPILER_APPICON_NAME = AppIcon;
				ASSETCATALOG_COMPILER_LAUNCHIMAGE_NAME = LaunchImage;
				GCC_PRECOMPILE_PREFIX_HEADER = YES;
				GCC_PREFIX_HEADER = "AOC2project3/AOC2project3-Prefix.pch";
				INFOPLIST_FILE = "AOC2project3/AOC2project3-Info.plist";
				PRODUCT_NAME = "$(TARGET_NAME)";
				WRAPPER_EXTENSION = app;
			};
			name = Debug;
		};
		389A348E18D5FCA6001E657B /* Release */ = {
			isa = XCBuildConfiguration;
			buildSettings = {
				ASSETCATALOG_COMPILER_APPICON_NAME = AppIcon;
				ASSETCATALOG_COMPILER_LAUNCHIMAGE_NAME = LaunchImage;
				GCC_PRECOMPILE_PREFIX_HEADER = YES;
				GCC_PREFIX_HEADER = "AOC2project3/AOC2project3-Prefix.pch";
				INFOPLIST_FILE = "AOC2project3/AOC2project3-Info.plist";
				PRODUCT_NAME = "$(TARGET_NAME)";
				WRAPPER_EXTENSION = app;
			};
			name = Release;
		};
		389A349018D5FCA6001E657B /* Debug */ = {
			isa = XCBuildConfiguration;
			buildSettings = {
				BUNDLE_LOADER = "$(BUILT_PRODUCTS_DIR)/AOC2project3.app/AOC2project3";
				FRAMEWORK_SEARCH_PATHS = (
					"$(SDKROOT)/Developer/Library/Frameworks",
					"$(inherited)",
					"$(DEVELOPER_FRAMEWORKS_DIR)",
				);
				GCC_PRECOMPILE_PREFIX_HEADER = YES;
				GCC_PREFIX_HEADER = "AOC2project3/AOC2project3-Prefix.pch";
				GCC_PREPROCESSOR_DEFINITIONS = (
					"DEBUG=1",
					"$(inherited)",
				);
				INFOPLIST_FILE = "AOC2project3Tests/AOC2project3Tests-Info.plist";
				PRODUCT_NAME = "$(TARGET_NAME)";
				TEST_HOST = "$(BUNDLE_LOADER)";
				WRAPPER_EXTENSION = xctest;
			};
			name = Debug;
		};
		389A349118D5FCA6001E657B /* Release */ = {
			isa = XCBuildConfiguration;
			buildSettings = {
				BUNDLE_LOADER = "$(BUILT_PRODUCTS_DIR)/AOC2project3.app/AOC2project3";
				FRAMEWORK_SEARCH_PATHS = (
					"$(SDKROOT)/Developer/Library/Frameworks",
					"$(inherited)",
					"$(DEVELOPER_FRAMEWORKS_DIR)",
				);
				GCC_PRECOMPILE_PREFIX_HEADER = YES;
				GCC_PREFIX_HEADER = "AOC2project3/AOC2project3-Prefix.pch";
				INFOPLIST_FILE = "AOC2project3Tests/AOC2project3Tests-Info.plist";
				PRODUCT_NAME = "$(TARGET_NAME)";
				TEST_HOST = "$(BUNDLE_LOADER)";
				WRAPPER_EXTENSION = xctest;
			};
			name = Release;
		};
/* End XCBuildConfiguration section */

/* Begin XCConfigurationList section */
		389A345518D5FCA6001E657B /* Build configuration list for PBXProject "AOC2project3" */ = {
			isa = XCConfigurationList;
			buildConfigurations = (
				389A348A18D5FCA6001E657B /* Debug */,
				389A348B18D5FCA6001E657B /* Release */,
			);
			defaultConfigurationIsVisible = 0;
			defaultConfigurationName = Release;
		};
		389A348C18D5FCA6001E657B /* Build configuration list for PBXNativeTarget "AOC2project3" */ = {
			isa = XCConfigurationList;
			buildConfigurations = (
				389A348D18D5FCA6001E657B /* Debug */,
				389A348E18D5FCA6001E657B /* Release */,
			);
			defaultConfigurationIsVisible = 0;
		};
		389A348F18D5FCA6001E657B /* Build configuration list for PBXNativeTarget "AOC2project3Tests" */ = {
			isa = XCConfigurationList;
			buildConfigurations = (
				389A349018D5FCA6001E657B /* Debug */,
				389A349118D5FCA6001E657B /* Release */,
			);
			defaultConfigurationIsVisible = 0;
		};
/* End XCConfigurationList section */
	};
	rootObject = 389A345218D5FCA6001E657B /* Project object */;
}
