// !$*UTF8*$!
{
	archiveVersion = 1;
	classes = {
	};
	objectVersion = 46;
	objects = {

/* Begin PBXBuildFile section */
		389A33E618D0D701001E657B /* Foundation.framework in Frameworks */ = {isa = PBXBuildFile; fileRef = 389A33E518D0D701001E657B /* Foundation.framework */; };
		389A33E818D0D701001E657B /* CoreGraphics.framework in Frameworks */ = {isa = PBXBuildFile; fileRef = 389A33E718D0D701001E657B /* CoreGraphics.framework */; };
		389A33EA18D0D701001E657B /* UIKit.framework in Frameworks */ = {isa = PBXBuildFile; fileRef = 389A33E918D0D701001E657B /* UIKit.framework */; };
		389A33F018D0D701001E657B /* InfoPlist.strings in Resources */ = {isa = PBXBuildFile; fileRef = 389A33EE18D0D701001E657B /* InfoPlist.strings */; };
		389A33F218D0D701001E657B /* main.m in Sources */ = {isa = PBXBuildFile; fileRef = 389A33F118D0D701001E657B /* main.m */; };
		389A33F618D0D701001E657B /* AppDelegate.m in Sources */ = {isa = PBXBuildFile; fileRef = 389A33F518D0D701001E657B /* AppDelegate.m */; };
		389A33F918D0D701001E657B /* Main.storyboard in Resources */ = {isa = PBXBuildFile; fileRef = 389A33F718D0D701001E657B /* Main.storyboard */; };
		389A33FC18D0D701001E657B /* ViewController.m in Sources */ = {isa = PBXBuildFile; fileRef = 389A33FB18D0D701001E657B /* ViewController.m */; };
		389A33FE18D0D701001E657B /* Images.xcassets in Resources */ = {isa = PBXBuildFile; fileRef = 389A33FD18D0D701001E657B /* Images.xcassets */; };
		389A340518D0D701001E657B /* XCTest.framework in Frameworks */ = {isa = PBXBuildFile; fileRef = 389A340418D0D701001E657B /* XCTest.framework */; };
		389A340618D0D701001E657B /* Foundation.framework in Frameworks */ = {isa = PBXBuildFile; fileRef = 389A33E518D0D701001E657B /* Foundation.framework */; };
		389A340718D0D701001E657B /* UIKit.framework in Frameworks */ = {isa = PBXBuildFile; fileRef = 389A33E918D0D701001E657B /* UIKit.framework */; };
		389A340F18D0D701001E657B /* InfoPlist.strings in Resources */ = {isa = PBXBuildFile; fileRef = 389A340D18D0D701001E657B /* InfoPlist.strings */; };
		389A341118D0D701001E657B /* AOCproject2Tests.m in Sources */ = {isa = PBXBuildFile; fileRef = 389A341018D0D701001E657B /* AOCproject2Tests.m */; };
		389A341F18D0D7B5001E657B /* FactoryClass.m in Sources */ = {isa = PBXBuildFile; fileRef = 389A341E18D0D7B5001E657B /* FactoryClass.m */; };
		389A342218D0D7EA001E657B /* BaseClass.m in Sources */ = {isa = PBXBuildFile; fileRef = 389A342118D0D7EA001E657B /* BaseClass.m */; };
		389A342518D0D81B001E657B /* carClass1.m in Sources */ = {isa = PBXBuildFile; fileRef = 389A342418D0D81B001E657B /* carClass1.m */; };
		389A342818D0D86F001E657B /* carClass2.m in Sources */ = {isa = PBXBuildFile; fileRef = 389A342718D0D86F001E657B /* carClass2.m */; };
		389A342B18D0D880001E657B /* carClass3.m in Sources */ = {isa = PBXBuildFile; fileRef = 389A342A18D0D880001E657B /* carClass3.m */; };
		389A342F18D1EE8B001E657B /* 256x256.jpg in Resources */ = {isa = PBXBuildFile; fileRef = 389A342C18D1EE8B001E657B /* 256x256.jpg */; };
		389A343018D1EE8B001E657B /* blackViper.jpg in Resources */ = {isa = PBXBuildFile; fileRef = 389A342D18D1EE8B001E657B /* blackViper.jpg */; };
		389A343118D1EE8B001E657B /* photo.jpg in Resources */ = {isa = PBXBuildFile; fileRef = 389A342E18D1EE8B001E657B /* photo.jpg */; };
/* End PBXBuildFile section */

/* Begin PBXContainerItemProxy section */
		389A340818D0D701001E657B /* PBXContainerItemProxy */ = {
			isa = PBXContainerItemProxy;
			containerPortal = 389A33DA18D0D701001E657B /* Project object */;
			proxyType = 1;
			remoteGlobalIDString = 389A33E118D0D701001E657B;
			remoteInfo = AOCproject2;
		};
/* End PBXContainerItemProxy section */

/* Begin PBXFileReference section */
		389A33E218D0D701001E657B /* AOCproject2.app */ = {isa = PBXFileReference; explicitFileType = wrapper.application; includeInIndex = 0; path = AOCproject2.app; sourceTree = BUILT_PRODUCTS_DIR; };
		389A33E518D0D701001E657B /* Foundation.framework */ = {isa = PBXFileReference; lastKnownFileType = wrapper.framework; name = Foundation.framework; path = System/Library/Frameworks/Foundation.framework; sourceTree = SDKROOT; };
		389A33E718D0D701001E657B /* CoreGraphics.framework */ = {isa = PBXFileReference; lastKnownFileType = wrapper.framework; name = CoreGraphics.framework; path = System/Library/Frameworks/CoreGraphics.framework; sourceTree = SDKROOT; };
		389A33E918D0D701001E657B /* UIKit.framework */ = {isa = PBXFileReference; lastKnownFileType = wrapper.framework; name = UIKit.framework; path = System/Library/Frameworks/UIKit.framework; sourceTree = SDKROOT; };
		389A33ED18D0D701001E657B /* AOCproject2-Info.plist */ = {isa = PBXFileReference; lastKnownFileType = text.plist.xml; path = "AOCproject2-Info.plist"; sourceTree = "<group>"; };
		389A33EF18D0D701001E657B /* en */ = {isa = PBXFileReference; lastKnownFileType = text.plist.strings; name = en; path = en.lproj/InfoPlist.strings; sourceTree = "<group>"; };
		389A33F118D0D701001E657B /* main.m */ = {isa = PBXFileReference; lastKnownFileType = sourcecode.c.objc; path = main.m; sourceTree = "<group>"; };
		389A33F318D0D701001E657B /* AOCproject2-Prefix.pch */ = {isa = PBXFileReference; lastKnownFileType = sourcecode.c.h; path = "AOCproject2-Prefix.pch"; sourceTree = "<group>"; };
		389A33F418D0D701001E657B /* AppDelegate.h */ = {isa = PBXFileReference; lastKnownFileType = sourcecode.c.h; path = AppDelegate.h; sourceTree = "<group>"; };
		389A33F518D0D701001E657B /* AppDelegate.m */ = {isa = PBXFileReference; lastKnownFileType = sourcecode.c.objc; path = AppDelegate.m; sourceTree = "<group>"; };
		389A33F818D0D701001E657B /* Base */ = {isa = PBXFileReference; lastKnownFileType = file.storyboard; name = Base; path = Base.lproj/Main.storyboard; sourceTree = "<group>"; };
		389A33FA18D0D701001E657B /* ViewController.h */ = {isa = PBXFileReference; lastKnownFileType = sourcecode.c.h; path = ViewController.h; sourceTree = "<group>"; };
		389A33FB18D0D701001E657B /* ViewController.m */ = {isa = PBXFileReference; lastKnownFileType = sourcecode.c.objc; path = ViewController.m; sourceTree = "<group>"; };
		389A33FD18D0D701001E657B /* Images.xcassets */ = {isa = PBXFileReference; lastKnownFileType = folder.assetcatalog; path = Images.xcassets; sourceTree = "<group>"; };
		389A340318D0D701001E657B /* AOCproject2Tests.xctest */ = {isa = PBXFileReference; explicitFileType = wrapper.cfbundle; includeInIndex = 0; path = AOCproject2Tests.xctest; sourceTree = BUILT_PRODUCTS_DIR; };
		389A340418D0D701001E657B /* XCTest.framework */ = {isa = PBXFileReference; lastKnownFileType = wrapper.framework; name = XCTest.framework; path = Library/Frameworks/XCTest.framework; sourceTree = DEVELOPER_DIR; };
		389A340C18D0D701001E657B /* AOCproject2Tests-Info.plist */ = {isa = PBXFileReference; lastKnownFileType = text.plist.xml; path = "AOCproject2Tests-Info.plist"; sourceTree = "<group>"; };
		389A340E18D0D701001E657B /* en */ = {isa = PBXFileReference; lastKnownFileType = text.plist.strings; name = en; path = en.lproj/InfoPlist.strings; sourceTree = "<group>"; };
		389A341018D0D701001E657B /* AOCproject2Tests.m */ = {isa = PBXFileReference; lastKnownFileType = sourcecode.c.objc; path = AOCproject2Tests.m; sourceTree = "<group>"; };
		389A341D18D0D7B5001E657B /* FactoryClass.h */ = {isa = PBXFileReference; fileEncoding = 4; lastKnownFileType = sourcecode.c.h; path = FactoryClass.h; sourceTree = "<group>"; };
		389A341E18D0D7B5001E657B /* FactoryClass.m */ = {isa = PBXFileReference; fileEncoding = 4; lastKnownFileType = sourcecode.c.objc; path = FactoryClass.m; sourceTree = "<group>"; };
		389A342018D0D7EA001E657B /* BaseClass.h */ = {isa = PBXFileReference; fileEncoding = 4; lastKnownFileType = sourcecode.c.h; path = BaseClass.h; sourceTree = "<group>"; };
		389A342118D0D7EA001E657B /* BaseClass.m */ = {isa = PBXFileReference; fileEncoding = 4; lastKnownFileType = sourcecode.c.objc; path = BaseClass.m; sourceTree = "<group>"; };
		389A342318D0D81B001E657B /* carClass1.h */ = {isa = PBXFileReference; fileEncoding = 4; lastKnownFileType = sourcecode.c.h; path = carClass1.h; sourceTree = "<group>"; };
		389A342418D0D81B001E657B /* carClass1.m */ = {isa = PBXFileReference; fileEncoding = 4; lastKnownFileType = sourcecode.c.objc; path = carClass1.m; sourceTree = "<group>"; };
		389A342618D0D86F001E657B /* carClass2.h */ = {isa = PBXFileReference; fileEncoding = 4; lastKnownFileType = sourcecode.c.h; path = carClass2.h; sourceTree = "<group>"; };
		389A342718D0D86F001E657B /* carClass2.m */ = {isa = PBXFileReference; fileEncoding = 4; lastKnownFileType = sourcecode.c.objc; path = carClass2.m; sourceTree = "<group>"; };
		389A342918D0D880001E657B /* carClass3.h */ = {isa = PBXFileReference; fileEncoding = 4; lastKnownFileType = sourcecode.c.h; path = carClass3.h; sourceTree = "<group>"; };
		389A342A18D0D880001E657B /* carClass3.m */ = {isa = PBXFileReference; fileEncoding = 4; lastKnownFileType = sourcecode.c.objc; path = carClass3.m; sourceTree = "<group>"; };
		389A342C18D1EE8B001E657B /* 256x256.jpg */ = {isa = PBXFileReference; lastKnownFileType = image.jpeg; name = 256x256.jpg; path = ../../../../../Downloads/256x256.jpg; sourceTree = "<group>"; };
		389A342D18D1EE8B001E657B /* blackViper.jpg */ = {isa = PBXFileReference; lastKnownFileType = image.jpeg; name = blackViper.jpg; path = ../../../../../Downloads/blackViper.jpg; sourceTree = "<group>"; };
		389A342E18D1EE8B001E657B /* photo.jpg */ = {isa = PBXFileReference; lastKnownFileType = image.jpeg; name = photo.jpg; path = ../../../../../Downloads/photo.jpg; sourceTree = "<group>"; };
/* End PBXFileReference section */

/* Begin PBXFrameworksBuildPhase section */
		389A33DF18D0D701001E657B /* Frameworks */ = {
			isa = PBXFrameworksBuildPhase;
			buildActionMask = 2147483647;
			files = (
				389A33E818D0D701001E657B /* CoreGraphics.framework in Frameworks */,
				389A33EA18D0D701001E657B /* UIKit.framework in Frameworks */,
				389A33E618D0D701001E657B /* Foundation.framework in Frameworks */,
			);
			runOnlyForDeploymentPostprocessing = 0;
		};
		389A340018D0D701001E657B /* Frameworks */ = {
			isa = PBXFrameworksBuildPhase;
			buildActionMask = 2147483647;
			files = (
				389A340518D0D701001E657B /* XCTest.framework in Frameworks */,
				389A340718D0D701001E657B /* UIKit.framework in Frameworks */,
				389A340618D0D701001E657B /* Foundation.framework in Frameworks */,
			);
			runOnlyForDeploymentPostprocessing = 0;
		};
/* End PBXFrameworksBuildPhase section */

/* Begin PBXGroup section */
		389A33D918D0D701001E657B = {
			isa = PBXGroup;
			children = (
				389A33EB18D0D701001E657B /* AOCproject2 */,
				389A340A18D0D701001E657B /* AOCproject2Tests */,
				389A33E418D0D701001E657B /* Frameworks */,
				389A33E318D0D701001E657B /* Products */,
			);
			sourceTree = "<group>";
		};
		389A33E318D0D701001E657B /* Products */ = {
			isa = PBXGroup;
			children = (
				389A33E218D0D701001E657B /* AOCproject2.app */,
				389A340318D0D701001E657B /* AOCproject2Tests.xctest */,
			);
			name = Products;
			sourceTree = "<group>";
		};
		389A33E418D0D701001E657B /* Frameworks */ = {
			isa = PBXGroup;
			children = (
				389A33E518D0D701001E657B /* Foundation.framework */,
				389A33E718D0D701001E657B /* CoreGraphics.framework */,
				389A33E918D0D701001E657B /* UIKit.framework */,
				389A340418D0D701001E657B /* XCTest.framework */,
			);
			name = Frameworks;
			sourceTree = "<group>";
		};
		389A33EB18D0D701001E657B /* AOCproject2 */ = {
			isa = PBXGroup;
			children = (
				389A342C18D1EE8B001E657B /* 256x256.jpg */,
				389A342D18D1EE8B001E657B /* blackViper.jpg */,
				389A342E18D1EE8B001E657B /* photo.jpg */,
				389A33F418D0D701001E657B /* AppDelegate.h */,
				389A33F518D0D701001E657B /* AppDelegate.m */,
				389A33F718D0D701001E657B /* Main.storyboard */,
				389A33FA18D0D701001E657B /* ViewController.h */,
				389A33FB18D0D701001E657B /* ViewController.m */,
				389A33FD18D0D701001E657B /* Images.xcassets */,
				389A33EC18D0D701001E657B /* Supporting Files */,
				389A341D18D0D7B5001E657B /* FactoryClass.h */,
				389A341E18D0D7B5001E657B /* FactoryClass.m */,
				389A342018D0D7EA001E657B /* BaseClass.h */,
				389A342118D0D7EA001E657B /* BaseClass.m */,
				389A342318D0D81B001E657B /* carClass1.h */,
				389A342418D0D81B001E657B /* carClass1.m */,
				389A342618D0D86F001E657B /* carClass2.h */,
				389A342718D0D86F001E657B /* carClass2.m */,
				389A342918D0D880001E657B /* carClass3.h */,
				389A342A18D0D880001E657B /* carClass3.m */,
			);
			path = AOCproject2;
			sourceTree = "<group>";
		};
		389A33EC18D0D701001E657B /* Supporting Files */ = {
			isa = PBXGroup;
			children = (
				389A33ED18D0D701001E657B /* AOCproject2-Info.plist */,
				389A33EE18D0D701001E657B /* InfoPlist.strings */,
				389A33F118D0D701001E657B /* main.m */,
				389A33F318D0D701001E657B /* AOCproject2-Prefix.pch */,
			);
			name = "Supporting Files";
			sourceTree = "<group>";
		};
		389A340A18D0D701001E657B /* AOCproject2Tests */ = {
			isa = PBXGroup;
			children = (
				389A341018D0D701001E657B /* AOCproject2Tests.m */,
				389A340B18D0D701001E657B /* Supporting Files */,
			);
			path = AOCproject2Tests;
			sourceTree = "<group>";
		};
		389A340B18D0D701001E657B /* Supporting Files */ = {
			isa = PBXGroup;
			children = (
				389A340C18D0D701001E657B /* AOCproject2Tests-Info.plist */,
				389A340D18D0D701001E657B /* InfoPlist.strings */,
			);
			name = "Supporting Files";
			sourceTree = "<group>";
		};
/* End PBXGroup section */

/* Begin PBXNativeTarget section */
		389A33E118D0D701001E657B /* AOCproject2 */ = {
			isa = PBXNativeTarget;
			buildConfigurationList = 389A341418D0D701001E657B /* Build configuration list for PBXNativeTarget "AOCproject2" */;
			buildPhases = (
				389A33DE18D0D701001E657B /* Sources */,
				389A33DF18D0D701001E657B /* Frameworks */,
				389A33E018D0D701001E657B /* Resources */,
			);
			buildRules = (
			);
			dependencies = (
			);
			name = AOCproject2;
			productName = AOCproject2;
			productReference = 389A33E218D0D701001E657B /* AOCproject2.app */;
			productType = "com.apple.product-type.application";
		};
		389A340218D0D701001E657B /* AOCproject2Tests */ = {
			isa = PBXNativeTarget;
			buildConfigurationList = 389A341718D0D701001E657B /* Build configuration list for PBXNativeTarget "AOCproject2Tests" */;
			buildPhases = (
				389A33FF18D0D701001E657B /* Sources */,
				389A340018D0D701001E657B /* Frameworks */,
				389A340118D0D701001E657B /* Resources */,
			);
			buildRules = (
			);
			dependencies = (
				389A340918D0D701001E657B /* PBXTargetDependency */,
			);
			name = AOCproject2Tests;
			productName = AOCproject2Tests;
			productReference = 389A340318D0D701001E657B /* AOCproject2Tests.xctest */;
			productType = "com.apple.product-type.bundle.unit-test";
		};
/* End PBXNativeTarget section */

/* Begin PBXProject section */
		389A33DA18D0D701001E657B /* Project object */ = {
			isa = PBXProject;
			attributes = {
				LastUpgradeCheck = 0510;
				ORGANIZATIONNAME = "Brian Stacks";
				TargetAttributes = {
					389A340218D0D701001E657B = {
						TestTargetID = 389A33E118D0D701001E657B;
					};
				};
			};
			buildConfigurationList = 389A33DD18D0D701001E657B /* Build configuration list for PBXProject "AOCproject2" */;
			compatibilityVersion = "Xcode 3.2";
			developmentRegion = English;
			hasScannedForEncodings = 0;
			knownRegions = (
				en,
				Base,
			);
			mainGroup = 389A33D918D0D701001E657B;
			productRefGroup = 389A33E318D0D701001E657B /* Products */;
			projectDirPath = "";
			projectRoot = "";
			targets = (
				389A33E118D0D701001E657B /* AOCproject2 */,
				389A340218D0D701001E657B /* AOCproject2Tests */,
			);
		};
/* End PBXProject section */

/* Begin PBXResourcesBuildPhase section */
		389A33E018D0D701001E657B /* Resources */ = {
			isa = PBXResourcesBuildPhase;
			buildActionMask = 2147483647;
			files = (
				389A342F18D1EE8B001E657B /* 256x256.jpg in Resources */,
				389A33FE18D0D701001E657B /* Images.xcassets in Resources */,
				389A343118D1EE8B001E657B /* photo.jpg in Resources */,
				389A33F018D0D701001E657B /* InfoPlist.strings in Resources */,
				389A343018D1EE8B001E657B /* blackViper.jpg in Resources */,
				389A33F918D0D701001E657B /* Main.storyboard in Resources */,
			);
			runOnlyForDeploymentPostprocessing = 0;
		};
		389A340118D0D701001E657B /* Resources */ = {
			isa = PBXResourcesBuildPhase;
			buildActionMask = 2147483647;
			files = (
				389A340F18D0D701001E657B /* InfoPlist.strings in Resources */,
			);
			runOnlyForDeploymentPostprocessing = 0;
		};
/* End PBXResourcesBuildPhase section */

/* Begin PBXSourcesBuildPhase section */
		389A33DE18D0D701001E657B /* Sources */ = {
			isa = PBXSourcesBuildPhase;
			buildActionMask = 2147483647;
			files = (
				389A33FC18D0D701001E657B /* ViewController.m in Sources */,
				389A342518D0D81B001E657B /* carClass1.m in Sources */,
				389A33F618D0D701001E657B /* AppDelegate.m in Sources */,
				389A33F218D0D701001E657B /* main.m in Sources */,
				389A342218D0D7EA001E657B /* BaseClass.m in Sources */,
				389A342B18D0D880001E657B /* carClass3.m in Sources */,
				389A341F18D0D7B5001E657B /* FactoryClass.m in Sources */,
				389A342818D0D86F001E657B /* carClass2.m in Sources */,
			);
			runOnlyForDeploymentPostprocessing = 0;
		};
		389A33FF18D0D701001E657B /* Sources */ = {
			isa = PBXSourcesBuildPhase;
			buildActionMask = 2147483647;
			files = (
				389A341118D0D701001E657B /* AOCproject2Tests.m in Sources */,
			);
			runOnlyForDeploymentPostprocessing = 0;
		};
/* End PBXSourcesBuildPhase section */

/* Begin PBXTargetDependency section */
		389A340918D0D701001E657B /* PBXTargetDependency */ = {
			isa = PBXTargetDependency;
			target = 389A33E118D0D701001E657B /* AOCproject2 */;
			targetProxy = 389A340818D0D701001E657B /* PBXContainerItemProxy */;
		};
/* End PBXTargetDependency section */

/* Begin PBXVariantGroup section */
		389A33EE18D0D701001E657B /* InfoPlist.strings */ = {
			isa = PBXVariantGroup;
			children = (
				389A33EF18D0D701001E657B /* en */,
			);
			name = InfoPlist.strings;
			sourceTree = "<group>";
		};
		389A33F718D0D701001E657B /* Main.storyboard */ = {
			isa = PBXVariantGroup;
			children = (
				389A33F818D0D701001E657B /* Base */,
			);
			name = Main.storyboard;
			sourceTree = "<group>";
		};
		389A340D18D0D701001E657B /* InfoPlist.strings */ = {
			isa = PBXVariantGroup;
			children = (
				389A340E18D0D701001E657B /* en */,
			);
			name = InfoPlist.strings;
			sourceTree = "<group>";
		};
/* End PBXVariantGroup section */

/* Begin XCBuildConfiguration section */
		389A341218D0D701001E657B /* Debug */ = {
			isa = XCBuildConfiguration;
			buildSettings = {
				ALWAYS_SEARCH_USER_PATHS = NO;
				CLANG_CXX_LANGUAGE_STANDARD = "gnu++0x";
				CLANG_CXX_LIBRARY = "libc++";
				CLANG_ENABLE_MODULES = YES;
				CLANG_ENABLE_OBJC_ARC = YES;
				CLANG_WARN_BOOL_CONVERSION = YES;
				CLANG_WARN_CONSTANT_CONVERSION = YES;
				CLANG_WARN_DIRECT_OBJC_ISA_USAGE = YES_ERROR;
				CLANG_WARN_EMPTY_BODY = YES;
				CLANG_WARN_ENUM_CONVERSION = YES;
				CLANG_WARN_INT_CONVERSION = YES;
				CLANG_WARN_OBJC_ROOT_CLASS = YES_ERROR;
				CLANG_WARN__DUPLICATE_METHOD_MATCH = YES;
				"CODE_SIGN_IDENTITY[sdk=iphoneos*]" = "iPhone Developer";
				COPY_PHASE_STRIP = NO;
				GCC_C_LANGUAGE_STANDARD = gnu99;
				GCC_DYNAMIC_NO_PIC = NO;
				GCC_OPTIMIZATION_LEVEL = 0;
				GCC_PREPROCESSOR_DEFINITIONS = (
					"DEBUG=1",
					"$(inherited)",
				);
				GCC_SYMBOLS_PRIVATE_EXTERN = NO;
				GCC_WARN_64_TO_32_BIT_CONVERSION = YES;
				GCC_WARN_ABOUT_RETURN_TYPE = YES_ERROR;
				GCC_WARN_UNDECLARED_SELECTOR = YES;
				GCC_WARN_UNINITIALIZED_AUTOS = YES_AGGRESSIVE;
				GCC_WARN_UNUSED_FUNCTION = YES;
				GCC_WARN_UNUSED_VARIABLE = YES;
				IPHONEOS_DEPLOYMENT_TARGET = 7.1;
				ONLY_ACTIVE_ARCH = YES;
				SDKROOT = iphoneos;
			};
			name = Debug;
		};
		389A341318D0D701001E657B /* Release */ = {
			isa = XCBuildConfiguration;
			buildSettings = {
				ALWAYS_SEARCH_USER_PATHS = NO;
				CLANG_CXX_LANGUAGE_STANDARD = "gnu++0x";
				CLANG_CXX_LIBRARY = "libc++";
				CLANG_ENABLE_MODULES = YES;
				CLANG_ENABLE_OBJC_ARC = YES;
				CLANG_WARN_BOOL_CONVERSION = YES;
				CLANG_WARN_CONSTANT_CONVERSION = YES;
				CLANG_WARN_DIRECT_OBJC_ISA_USAGE = YES_ERROR;
				CLANG_WARN_EMPTY_BODY = YES;
				CLANG_WARN_ENUM_CONVERSION = YES;
				CLANG_WARN_INT_CONVERSION = YES;
				CLANG_WARN_OBJC_ROOT_CLASS = YES_ERROR;
				CLANG_WARN__DUPLICATE_METHOD_MATCH = YES;
				"CODE_SIGN_IDENTITY[sdk=iphoneos*]" = "iPhone Developer";
				COPY_PHASE_STRIP = YES;
				ENABLE_NS_ASSERTIONS = NO;
				GCC_C_LANGUAGE_STANDARD = gnu99;
				GCC_WARN_64_TO_32_BIT_CONVERSION = YES;
				GCC_WARN_ABOUT_RETURN_TYPE = YES_ERROR;
				GCC_WARN_UNDECLARED_SELECTOR = YES;
				GCC_WARN_UNINITIALIZED_AUTOS = YES_AGGRESSIVE;
				GCC_WARN_UNUSED_FUNCTION = YES;
				GCC_WARN_UNUSED_VARIABLE = YES;
				IPHONEOS_DEPLOYMENT_TARGET = 7.1;
				SDKROOT = iphoneos;
				VALIDATE_PRODUCT = YES;
			};
			name = Release;
		};
		389A341518D0D701001E657B /* Debug */ = {
			isa = XCBuildConfiguration;
			buildSettings = {
				ASSETCATALOG_COMPILER_APPICON_NAME = AppIcon;
				ASSETCATALOG_COMPILER_LAUNCHIMAGE_NAME = LaunchImage;
				GCC_PRECOMPILE_PREFIX_HEADER = YES;
				GCC_PREFIX_HEADER = "AOCproject2/AOCproject2-Prefix.pch";
				INFOPLIST_FILE = "AOCproject2/AOCproject2-Info.plist";
				PRODUCT_NAME = "$(TARGET_NAME)";
				WRAPPER_EXTENSION = app;
			};
			name = Debug;
		};
		389A341618D0D701001E657B /* Release */ = {
			isa = XCBuildConfiguration;
			buildSettings = {
				ASSETCATALOG_COMPILER_APPICON_NAME = AppIcon;
				ASSETCATALOG_COMPILER_LAUNCHIMAGE_NAME = LaunchImage;
				GCC_PRECOMPILE_PREFIX_HEADER = YES;
				GCC_PREFIX_HEADER = "AOCproject2/AOCproject2-Prefix.pch";
				INFOPLIST_FILE = "AOCproject2/AOCproject2-Info.plist";
				PRODUCT_NAME = "$(TARGET_NAME)";
				WRAPPER_EXTENSION = app;
			};
			name = Release;
		};
		389A341818D0D701001E657B /* Debug */ = {
			isa = XCBuildConfiguration;
			buildSettings = {
				BUNDLE_LOADER = "$(BUILT_PRODUCTS_DIR)/AOCproject2.app/AOCproject2";
				FRAMEWORK_SEARCH_PATHS = (
					"$(SDKROOT)/Developer/Library/Frameworks",
					"$(inherited)",
					"$(DEVELOPER_FRAMEWORKS_DIR)",
				);
				GCC_PRECOMPILE_PREFIX_HEADER = YES;
				GCC_PREFIX_HEADER = "AOCproject2/AOCproject2-Prefix.pch";
				GCC_PREPROCESSOR_DEFINITIONS = (
					"DEBUG=1",
					"$(inherited)",
				);
				INFOPLIST_FILE = "AOCproject2Tests/AOCproject2Tests-Info.plist";
				PRODUCT_NAME = "$(TARGET_NAME)";
				TEST_HOST = "$(BUNDLE_LOADER)";
				WRAPPER_EXTENSION = xctest;
			};
			name = Debug;
		};
		389A341918D0D701001E657B /* Release */ = {
			isa = XCBuildConfiguration;
			buildSettings = {
				BUNDLE_LOADER = "$(BUILT_PRODUCTS_DIR)/AOCproject2.app/AOCproject2";
				FRAMEWORK_SEARCH_PATHS = (
					"$(SDKROOT)/Developer/Library/Frameworks",
					"$(inherited)",
					"$(DEVELOPER_FRAMEWORKS_DIR)",
				);
				GCC_PRECOMPILE_PREFIX_HEADER = YES;
				GCC_PREFIX_HEADER = "AOCproject2/AOCproject2-Prefix.pch";
				INFOPLIST_FILE = "AOCproject2Tests/AOCproject2Tests-Info.plist";
				PRODUCT_NAME = "$(TARGET_NAME)";
				TEST_HOST = "$(BUNDLE_LOADER)";
				WRAPPER_EXTENSION = xctest;
			};
			name = Release;
		};
/* End XCBuildConfiguration section */

/* Begin XCConfigurationList section */
		389A33DD18D0D701001E657B /* Build configuration list for PBXProject "AOCproject2" */ = {
			isa = XCConfigurationList;
			buildConfigurations = (
				389A341218D0D701001E657B /* Debug */,
				389A341318D0D701001E657B /* Release */,
			);
			defaultConfigurationIsVisible = 0;
			defaultConfigurationName = Release;
		};
		389A341418D0D701001E657B /* Build configuration list for PBXNativeTarget "AOCproject2" */ = {
			isa = XCConfigurationList;
			buildConfigurations = (
				389A341518D0D701001E657B /* Debug */,
				389A341618D0D701001E657B /* Release */,
			);
			defaultConfigurationIsVisible = 0;
		};
		389A341718D0D701001E657B /* Build configuration list for PBXNativeTarget "AOCproject2Tests" */ = {
			isa = XCConfigurationList;
			buildConfigurations = (
				389A341818D0D701001E657B /* Debug */,
				389A341918D0D701001E657B /* Release */,
			);
			defaultConfigurationIsVisible = 0;
		};
/* End XCConfigurationList section */
	};
	rootObject = 389A33DA18D0D701001E657B /* Project object */;
}
